// !$*UTF8*$!
{
	archiveVersion = 1;
	classes = {
	};
	objectVersion = 56;
	objects = {

/* Begin PBXBuildFile section */
		C341D7BF2C027BCD00F19B2B /* CameraStreamSink.swift in Sources */ = {isa = PBXBuildFile; fileRef = C341D7BE2C027BCD00F19B2B /* CameraStreamSink.swift */; };
		C341D7C12C027CBB00F19B2B /* Config.swift in Sources */ = {isa = PBXBuildFile; fileRef = C341D7C02C027CBB00F19B2B /* Config.swift */; };
		C341D7C42C027CE800F19B2B /* CameraDeviceSource.swift in Sources */ = {isa = PBXBuildFile; fileRef = C341D7C32C027CE700F19B2B /* CameraDeviceSource.swift */; };
		C341D7C62C027D5A00F19B2B /* CameraStreamSource.swift in Sources */ = {isa = PBXBuildFile; fileRef = C341D7C52C027D5A00F19B2B /* CameraStreamSource.swift */; };
		C341D7C82C027D8100F19B2B /* CameraProvierSource.swift in Sources */ = {isa = PBXBuildFile; fileRef = C341D7C72C027D8100F19B2B /* CameraProvierSource.swift */; };
		C341D7CA2C02863000F19B2B /* CMIOSourceHandler.swift in Sources */ = {isa = PBXBuildFile; fileRef = C341D7C92C02863000F19B2B /* CMIOSourceHandler.swift */; };
		C341D7CB2C0286FC00F19B2B /* Config.swift in Sources */ = {isa = PBXBuildFile; fileRef = C341D7C02C027CBB00F19B2B /* Config.swift */; };
		C341D7CE2C028C8200F19B2B /* VirtualCameraPluginViewModel.swift in Sources */ = {isa = PBXBuildFile; fileRef = C341D7CD2C028C8200F19B2B /* VirtualCameraPluginViewModel.swift */; };
		C341D7D02C02907600F19B2B /* CameraProvider.swift in Sources */ = {isa = PBXBuildFile; fileRef = C341D7CF2C02907600F19B2B /* CameraProvider.swift */; };
		C341D7D32C0291E300F19B2B /* FourCodeChar.swift in Sources */ = {isa = PBXBuildFile; fileRef = C341D7D22C0291E300F19B2B /* FourCodeChar.swift */; };
		C341D7D52C02923700F19B2B /* CMIOExtensions.swift in Sources */ = {isa = PBXBuildFile; fileRef = C341D7D42C02923700F19B2B /* CMIOExtensions.swift */; };
		C377A4012C02AB4000D06991 /* FrameVideoCapturer.swift in Sources */ = {isa = PBXBuildFile; fileRef = C377A3FD2C02AB4000D06991 /* FrameVideoCapturer.swift */; };
		C377A4022C02AB4000D06991 /* IceCandidate.swift in Sources */ = {isa = PBXBuildFile; fileRef = C377A3FE2C02AB4000D06991 /* IceCandidate.swift */; };
		C377A4032C02AB4000D06991 /* RTCStates.swift in Sources */ = {isa = PBXBuildFile; fileRef = C377A3FF2C02AB4000D06991 /* RTCStates.swift */; };
		C377A4042C02AB4000D06991 /* SessionDescription.swift in Sources */ = {isa = PBXBuildFile; fileRef = C377A4002C02AB4000D06991 /* SessionDescription.swift */; };
		C377A4062C02AB9C00D06991 /* ConnectionView.swift in Sources */ = {isa = PBXBuildFile; fileRef = C377A4052C02AB9C00D06991 /* ConnectionView.swift */; };
		C377A4082C02B99600D06991 /* Starscream in Frameworks */ = {isa = PBXBuildFile; productRef = C377A4072C02B99600D06991 /* Starscream */; settings = {ATTRIBUTES = (Weak, ); }; };
		C377A4162C02D04400D06991 /* WebRTC in Frameworks */ = {isa = PBXBuildFile; productRef = C377A4152C02D04400D06991 /* WebRTC */; };
		C377A4182C02DB3500D06991 /* WebRTCManager.swift in Sources */ = {isa = PBXBuildFile; fileRef = C377A4172C02DB3500D06991 /* WebRTCManager.swift */; };
		C377A41D2C03032400D06991 /* WebRTCStateManager.swift in Sources */ = {isa = PBXBuildFile; fileRef = C377A41C2C03032400D06991 /* WebRTCStateManager.swift */; };
		C377A4202C03EE9100D06991 /* Buttons.swift in Sources */ = {isa = PBXBuildFile; fileRef = C377A41F2C03EE9100D06991 /* Buttons.swift */; };
		C377A4222C03F0EA00D06991 /* VideoView.swift in Sources */ = {isa = PBXBuildFile; fileRef = C377A4212C03F0EA00D06991 /* VideoView.swift */; };
		C377A4252C04162400D06991 /* CVPixelBufferDataChannel.swift in Sources */ = {isa = PBXBuildFile; fileRef = C377A4242C04162400D06991 /* CVPixelBufferDataChannel.swift */; };
		C377A4272C04214E00D06991 /* PixelBufferImageView.swift in Sources */ = {isa = PBXBuildFile; fileRef = C377A4262C04214E00D06991 /* PixelBufferImageView.swift */; };
		C377A42F2C05194300D06991 /* DataCompression in Frameworks */ = {isa = PBXBuildFile; productRef = C377A42E2C05194300D06991 /* DataCompression */; };
		C377A4312C0527ED00D06991 /* PixelBufferView.swift in Sources */ = {isa = PBXBuildFile; fileRef = C377A4302C0527ED00D06991 /* PixelBufferView.swift */; };
		C377A4332C052EE100D06991 /* CVPixelBuffer.swift in Sources */ = {isa = PBXBuildFile; fileRef = C377A4322C052EE100D06991 /* CVPixelBuffer.swift */; };
		C377A4352C0535D800D06991 /* DataRateView.swift in Sources */ = {isa = PBXBuildFile; fileRef = C377A4342C0535D800D06991 /* DataRateView.swift */; };
		C3B05BA42C02AA06005B3E3A /* SignalingClient.swift in Sources */ = {isa = PBXBuildFile; fileRef = C3B05BA12C02AA06005B3E3A /* SignalingClient.swift */; };
		C3B05BA52C02AA06005B3E3A /* WebRTCClient.swift in Sources */ = {isa = PBXBuildFile; fileRef = C3B05BA22C02AA06005B3E3A /* WebRTCClient.swift */; };
		C3B05BA62C02AA06005B3E3A /* Message.swift in Sources */ = {isa = PBXBuildFile; fileRef = C3B05BA32C02AA06005B3E3A /* Message.swift */; };
		C3B05BA92C02AA23005B3E3A /* NativeWebSocket.swift in Sources */ = {isa = PBXBuildFile; fileRef = C3B05BA72C02AA23005B3E3A /* NativeWebSocket.swift */; };
		C3B05BAA2C02AA23005B3E3A /* WebSocketProvider.swift in Sources */ = {isa = PBXBuildFile; fileRef = C3B05BA82C02AA23005B3E3A /* WebSocketProvider.swift */; };
		C3D25B3E2C01B1C900B83352 /* ARVirtualCamApp.swift in Sources */ = {isa = PBXBuildFile; fileRef = C3D25B3D2C01B1C900B83352 /* ARVirtualCamApp.swift */; };
		C3D25B402C01B1C900B83352 /* ControlsView.swift in Sources */ = {isa = PBXBuildFile; fileRef = C3D25B3F2C01B1C900B83352 /* ControlsView.swift */; };
		C3D25B422C01B1C900B83352 /* Assets.xcassets in Resources */ = {isa = PBXBuildFile; fileRef = C3D25B412C01B1C900B83352 /* Assets.xcassets */; };
		C3D25B452C01B1C900B83352 /* Preview Assets.xcassets in Resources */ = {isa = PBXBuildFile; fileRef = C3D25B442C01B1C900B83352 /* Preview Assets.xcassets */; };
		C3D25B502C01B1C900B83352 /* ARVirtualCamTests.swift in Sources */ = {isa = PBXBuildFile; fileRef = C3D25B4F2C01B1C900B83352 /* ARVirtualCamTests.swift */; };
		C3D25B5A2C01B1C900B83352 /* ARVirtualCamUITests.swift in Sources */ = {isa = PBXBuildFile; fileRef = C3D25B592C01B1C900B83352 /* ARVirtualCamUITests.swift */; };
		C3D25B5C2C01B1C900B83352 /* ARVirtualCamUITestsLaunchTests.swift in Sources */ = {isa = PBXBuildFile; fileRef = C3D25B5B2C01B1C900B83352 /* ARVirtualCamUITestsLaunchTests.swift */; };
		C3D25B6B2C01B1FB00B83352 /* InstallView.swift in Sources */ = {isa = PBXBuildFile; fileRef = C3D25B6A2C01B1FB00B83352 /* InstallView.swift */; };
		C3D25B6E2C01B22600B83352 /* BundleLocator.swift in Sources */ = {isa = PBXBuildFile; fileRef = C3D25B6D2C01B22600B83352 /* BundleLocator.swift */; };
		C3D25B762C01B27900B83352 /* ARVirtualCamExtensionProvider.swift in Sources */ = {isa = PBXBuildFile; fileRef = C3D25B752C01B27900B83352 /* ARVirtualCamExtensionProvider.swift */; };
		C3D25B782C01B27900B83352 /* main.swift in Sources */ = {isa = PBXBuildFile; fileRef = C3D25B772C01B27900B83352 /* main.swift */; };
		C3D25B7D2C01B27900B83352 /* com.carlmoore.arvirtualcam.extension.systemextension in Embed System Extensions */ = {isa = PBXBuildFile; fileRef = C3D25B732C01B27900B83352 /* com.carlmoore.arvirtualcam.extension.systemextension */; settings = {ATTRIBUTES = (RemoveHeadersOnCopy, ); }; };
/* End PBXBuildFile section */

/* Begin PBXContainerItemProxy section */
		C3D25B4C2C01B1C900B83352 /* PBXContainerItemProxy */ = {
			isa = PBXContainerItemProxy;
			containerPortal = C3D25B322C01B1C900B83352 /* Project object */;
			proxyType = 1;
			remoteGlobalIDString = C3D25B392C01B1C900B83352;
			remoteInfo = ARVirtualCam;
		};
		C3D25B562C01B1C900B83352 /* PBXContainerItemProxy */ = {
			isa = PBXContainerItemProxy;
			containerPortal = C3D25B322C01B1C900B83352 /* Project object */;
			proxyType = 1;
			remoteGlobalIDString = C3D25B392C01B1C900B83352;
			remoteInfo = ARVirtualCam;
		};
		C3D25B7B2C01B27900B83352 /* PBXContainerItemProxy */ = {
			isa = PBXContainerItemProxy;
			containerPortal = C3D25B322C01B1C900B83352 /* Project object */;
			proxyType = 1;
			remoteGlobalIDString = C3D25B722C01B27800B83352;
			remoteInfo = ARVirtualCamExtension;
		};
/* End PBXContainerItemProxy section */

/* Begin PBXCopyFilesBuildPhase section */
		C3D25B812C01B27900B83352 /* Embed System Extensions */ = {
			isa = PBXCopyFilesBuildPhase;
			buildActionMask = 2147483647;
			dstPath = "$(SYSTEM_EXTENSIONS_FOLDER_PATH)";
			dstSubfolderSpec = 16;
			files = (
				C3D25B7D2C01B27900B83352 /* com.carlmoore.arvirtualcam.extension.systemextension in Embed System Extensions */,
			);
			name = "Embed System Extensions";
			runOnlyForDeploymentPostprocessing = 0;
		};
/* End PBXCopyFilesBuildPhase section */

/* Begin PBXFileReference section */
		C341D7BE2C027BCD00F19B2B /* CameraStreamSink.swift */ = {isa = PBXFileReference; lastKnownFileType = sourcecode.swift; path = CameraStreamSink.swift; sourceTree = "<group>"; };
		C341D7C02C027CBB00F19B2B /* Config.swift */ = {isa = PBXFileReference; lastKnownFileType = sourcecode.swift; path = Config.swift; sourceTree = "<group>"; };
		C341D7C32C027CE700F19B2B /* CameraDeviceSource.swift */ = {isa = PBXFileReference; lastKnownFileType = sourcecode.swift; path = CameraDeviceSource.swift; sourceTree = "<group>"; };
		C341D7C52C027D5A00F19B2B /* CameraStreamSource.swift */ = {isa = PBXFileReference; lastKnownFileType = sourcecode.swift; path = CameraStreamSource.swift; sourceTree = "<group>"; };
		C341D7C72C027D8100F19B2B /* CameraProvierSource.swift */ = {isa = PBXFileReference; lastKnownFileType = sourcecode.swift; path = CameraProvierSource.swift; sourceTree = "<group>"; };
		C341D7C92C02863000F19B2B /* CMIOSourceHandler.swift */ = {isa = PBXFileReference; lastKnownFileType = sourcecode.swift; path = CMIOSourceHandler.swift; sourceTree = "<group>"; };
		C341D7CD2C028C8200F19B2B /* VirtualCameraPluginViewModel.swift */ = {isa = PBXFileReference; lastKnownFileType = sourcecode.swift; path = VirtualCameraPluginViewModel.swift; sourceTree = "<group>"; };
		C341D7CF2C02907600F19B2B /* CameraProvider.swift */ = {isa = PBXFileReference; lastKnownFileType = sourcecode.swift; path = CameraProvider.swift; sourceTree = "<group>"; };
		C341D7D22C0291E300F19B2B /* FourCodeChar.swift */ = {isa = PBXFileReference; lastKnownFileType = sourcecode.swift; path = FourCodeChar.swift; sourceTree = "<group>"; };
		C341D7D42C02923700F19B2B /* CMIOExtensions.swift */ = {isa = PBXFileReference; lastKnownFileType = sourcecode.swift; path = CMIOExtensions.swift; sourceTree = "<group>"; };
		C377A3FD2C02AB4000D06991 /* FrameVideoCapturer.swift */ = {isa = PBXFileReference; fileEncoding = 4; lastKnownFileType = sourcecode.swift; path = FrameVideoCapturer.swift; sourceTree = "<group>"; };
		C377A3FE2C02AB4000D06991 /* IceCandidate.swift */ = {isa = PBXFileReference; fileEncoding = 4; lastKnownFileType = sourcecode.swift; path = IceCandidate.swift; sourceTree = "<group>"; };
		C377A3FF2C02AB4000D06991 /* RTCStates.swift */ = {isa = PBXFileReference; fileEncoding = 4; lastKnownFileType = sourcecode.swift; path = RTCStates.swift; sourceTree = "<group>"; };
		C377A4002C02AB4000D06991 /* SessionDescription.swift */ = {isa = PBXFileReference; fileEncoding = 4; lastKnownFileType = sourcecode.swift; path = SessionDescription.swift; sourceTree = "<group>"; };
		C377A4052C02AB9C00D06991 /* ConnectionView.swift */ = {isa = PBXFileReference; lastKnownFileType = sourcecode.swift; path = ConnectionView.swift; sourceTree = "<group>"; };
		C377A4092C02B9E700D06991 /* CoreAudio.framework */ = {isa = PBXFileReference; lastKnownFileType = wrapper.framework; name = CoreAudio.framework; path = System/Library/Frameworks/CoreAudio.framework; sourceTree = SDKROOT; };
		C377A40B2C02B9FC00D06991 /* CoreAudioTypes.framework */ = {isa = PBXFileReference; lastKnownFileType = wrapper.framework; name = CoreAudioTypes.framework; path = System/Library/Frameworks/CoreAudioTypes.framework; sourceTree = SDKROOT; };
		C377A4172C02DB3500D06991 /* WebRTCManager.swift */ = {isa = PBXFileReference; lastKnownFileType = sourcecode.swift; path = WebRTCManager.swift; sourceTree = "<group>"; };
		C377A41C2C03032400D06991 /* WebRTCStateManager.swift */ = {isa = PBXFileReference; lastKnownFileType = sourcecode.swift; path = WebRTCStateManager.swift; sourceTree = "<group>"; };
		C377A41F2C03EE9100D06991 /* Buttons.swift */ = {isa = PBXFileReference; lastKnownFileType = sourcecode.swift; path = Buttons.swift; sourceTree = "<group>"; };
		C377A4212C03F0EA00D06991 /* VideoView.swift */ = {isa = PBXFileReference; lastKnownFileType = sourcecode.swift; path = VideoView.swift; sourceTree = "<group>"; };
		C377A4242C04162400D06991 /* CVPixelBufferDataChannel.swift */ = {isa = PBXFileReference; lastKnownFileType = sourcecode.swift; path = CVPixelBufferDataChannel.swift; sourceTree = "<group>"; };
		C377A4262C04214E00D06991 /* PixelBufferImageView.swift */ = {isa = PBXFileReference; lastKnownFileType = sourcecode.swift; path = PixelBufferImageView.swift; sourceTree = "<group>"; };
		C377A4302C0527ED00D06991 /* PixelBufferView.swift */ = {isa = PBXFileReference; lastKnownFileType = sourcecode.swift; path = PixelBufferView.swift; sourceTree = "<group>"; };
		C377A4322C052EE100D06991 /* CVPixelBuffer.swift */ = {isa = PBXFileReference; lastKnownFileType = sourcecode.swift; path = CVPixelBuffer.swift; sourceTree = "<group>"; };
		C377A4342C0535D800D06991 /* DataRateView.swift */ = {isa = PBXFileReference; lastKnownFileType = sourcecode.swift; path = DataRateView.swift; sourceTree = "<group>"; };
		C3B05BA12C02AA06005B3E3A /* SignalingClient.swift */ = {isa = PBXFileReference; fileEncoding = 4; lastKnownFileType = sourcecode.swift; path = SignalingClient.swift; sourceTree = "<group>"; };
		C3B05BA22C02AA06005B3E3A /* WebRTCClient.swift */ = {isa = PBXFileReference; fileEncoding = 4; lastKnownFileType = sourcecode.swift; path = WebRTCClient.swift; sourceTree = "<group>"; };
		C3B05BA32C02AA06005B3E3A /* Message.swift */ = {isa = PBXFileReference; fileEncoding = 4; lastKnownFileType = sourcecode.swift; path = Message.swift; sourceTree = "<group>"; };
		C3B05BA72C02AA23005B3E3A /* NativeWebSocket.swift */ = {isa = PBXFileReference; fileEncoding = 4; lastKnownFileType = sourcecode.swift; name = NativeWebSocket.swift; path = WebSocketProvider/NativeWebSocket.swift; sourceTree = "<group>"; };
		C3B05BA82C02AA23005B3E3A /* WebSocketProvider.swift */ = {isa = PBXFileReference; fileEncoding = 4; lastKnownFileType = sourcecode.swift; name = WebSocketProvider.swift; path = WebSocketProvider/WebSocketProvider.swift; sourceTree = "<group>"; };
		C3D25B3A2C01B1C900B83352 /* ARVirtualCam.app */ = {isa = PBXFileReference; explicitFileType = wrapper.application; includeInIndex = 0; path = ARVirtualCam.app; sourceTree = BUILT_PRODUCTS_DIR; };
		C3D25B3D2C01B1C900B83352 /* ARVirtualCamApp.swift */ = {isa = PBXFileReference; lastKnownFileType = sourcecode.swift; path = ARVirtualCamApp.swift; sourceTree = "<group>"; };
		C3D25B3F2C01B1C900B83352 /* ControlsView.swift */ = {isa = PBXFileReference; lastKnownFileType = sourcecode.swift; path = ControlsView.swift; sourceTree = "<group>"; };
		C3D25B412C01B1C900B83352 /* Assets.xcassets */ = {isa = PBXFileReference; lastKnownFileType = folder.assetcatalog; path = Assets.xcassets; sourceTree = "<group>"; };
		C3D25B442C01B1C900B83352 /* Preview Assets.xcassets */ = {isa = PBXFileReference; lastKnownFileType = folder.assetcatalog; path = "Preview Assets.xcassets"; sourceTree = "<group>"; };
		C3D25B462C01B1C900B83352 /* ARVirtualCam.entitlements */ = {isa = PBXFileReference; lastKnownFileType = text.plist.entitlements; path = ARVirtualCam.entitlements; sourceTree = "<group>"; };
		C3D25B4B2C01B1C900B83352 /* ARVirtualCamTests.xctest */ = {isa = PBXFileReference; explicitFileType = wrapper.cfbundle; includeInIndex = 0; path = ARVirtualCamTests.xctest; sourceTree = BUILT_PRODUCTS_DIR; };
		C3D25B4F2C01B1C900B83352 /* ARVirtualCamTests.swift */ = {isa = PBXFileReference; lastKnownFileType = sourcecode.swift; path = ARVirtualCamTests.swift; sourceTree = "<group>"; };
		C3D25B552C01B1C900B83352 /* ARVirtualCamUITests.xctest */ = {isa = PBXFileReference; explicitFileType = wrapper.cfbundle; includeInIndex = 0; path = ARVirtualCamUITests.xctest; sourceTree = BUILT_PRODUCTS_DIR; };
		C3D25B592C01B1C900B83352 /* ARVirtualCamUITests.swift */ = {isa = PBXFileReference; lastKnownFileType = sourcecode.swift; path = ARVirtualCamUITests.swift; sourceTree = "<group>"; };
		C3D25B5B2C01B1C900B83352 /* ARVirtualCamUITestsLaunchTests.swift */ = {isa = PBXFileReference; lastKnownFileType = sourcecode.swift; path = ARVirtualCamUITestsLaunchTests.swift; sourceTree = "<group>"; };
		C3D25B6A2C01B1FB00B83352 /* InstallView.swift */ = {isa = PBXFileReference; lastKnownFileType = sourcecode.swift; path = InstallView.swift; sourceTree = "<group>"; };
		C3D25B6D2C01B22600B83352 /* BundleLocator.swift */ = {isa = PBXFileReference; lastKnownFileType = sourcecode.swift; path = BundleLocator.swift; sourceTree = "<group>"; };
		C3D25B732C01B27900B83352 /* com.carlmoore.arvirtualcam.extension.systemextension */ = {isa = PBXFileReference; explicitFileType = "wrapper.system-extension"; includeInIndex = 0; path = com.carlmoore.arvirtualcam.extension.systemextension; sourceTree = BUILT_PRODUCTS_DIR; };
		C3D25B752C01B27900B83352 /* ARVirtualCamExtensionProvider.swift */ = {isa = PBXFileReference; lastKnownFileType = sourcecode.swift; path = ARVirtualCamExtensionProvider.swift; sourceTree = "<group>"; };
		C3D25B772C01B27900B83352 /* main.swift */ = {isa = PBXFileReference; lastKnownFileType = sourcecode.swift; path = main.swift; sourceTree = "<group>"; };
		C3D25B792C01B27900B83352 /* Info.plist */ = {isa = PBXFileReference; lastKnownFileType = text.plist.xml; path = Info.plist; sourceTree = "<group>"; };
		C3D25B7A2C01B27900B83352 /* ARVirtualCamExtension.entitlements */ = {isa = PBXFileReference; lastKnownFileType = text.plist.entitlements; path = ARVirtualCamExtension.entitlements; sourceTree = "<group>"; };
/* End PBXFileReference section */

/* Begin PBXFrameworksBuildPhase section */
		C3D25B372C01B1C900B83352 /* Frameworks */ = {
			isa = PBXFrameworksBuildPhase;
			buildActionMask = 2147483647;
			files = (
				C377A4082C02B99600D06991 /* Starscream in Frameworks */,
				C377A42F2C05194300D06991 /* DataCompression in Frameworks */,
				C377A4162C02D04400D06991 /* WebRTC in Frameworks */,
			);
			runOnlyForDeploymentPostprocessing = 0;
		};
		C3D25B482C01B1C900B83352 /* Frameworks */ = {
			isa = PBXFrameworksBuildPhase;
			buildActionMask = 2147483647;
			files = (
			);
			runOnlyForDeploymentPostprocessing = 0;
		};
		C3D25B522C01B1C900B83352 /* Frameworks */ = {
			isa = PBXFrameworksBuildPhase;
			buildActionMask = 2147483647;
			files = (
			);
			runOnlyForDeploymentPostprocessing = 0;
		};
		C3D25B702C01B27800B83352 /* Frameworks */ = {
			isa = PBXFrameworksBuildPhase;
			buildActionMask = 2147483647;
			files = (
			);
			runOnlyForDeploymentPostprocessing = 0;
		};
/* End PBXFrameworksBuildPhase section */

/* Begin PBXGroup section */
		C341D7BD2C027BC100F19B2B /* CMIO */ = {
			isa = PBXGroup;
			children = (
				C341D7BE2C027BCD00F19B2B /* CameraStreamSink.swift */,
				C341D7C32C027CE700F19B2B /* CameraDeviceSource.swift */,
				C341D7C52C027D5A00F19B2B /* CameraStreamSource.swift */,
				C341D7C72C027D8100F19B2B /* CameraProvierSource.swift */,
			);
			path = CMIO;
			sourceTree = "<group>";
		};
		C341D7CC2C028C7A00F19B2B /* Models */ = {
			isa = PBXGroup;
			children = (
				C341D7CD2C028C8200F19B2B /* VirtualCameraPluginViewModel.swift */,
				C377A4172C02DB3500D06991 /* WebRTCManager.swift */,
			);
			path = Models;
			sourceTree = "<group>";
		};
		C341D7D12C0291CE00F19B2B /* Extensions */ = {
			isa = PBXGroup;
			children = (
				C377A3FD2C02AB4000D06991 /* FrameVideoCapturer.swift */,
				C377A3FE2C02AB4000D06991 /* IceCandidate.swift */,
				C377A3FF2C02AB4000D06991 /* RTCStates.swift */,
				C377A4002C02AB4000D06991 /* SessionDescription.swift */,
				C341D7D22C0291E300F19B2B /* FourCodeChar.swift */,
				C341D7D42C02923700F19B2B /* CMIOExtensions.swift */,
				C377A4322C052EE100D06991 /* CVPixelBuffer.swift */,
			);
			path = Extensions;
			sourceTree = "<group>";
		};
		C377A3F62C02AAC500D06991 /* Frameworks */ = {
			isa = PBXGroup;
			children = (
				C377A40B2C02B9FC00D06991 /* CoreAudioTypes.framework */,
				C377A4092C02B9E700D06991 /* CoreAudio.framework */,
			);
			name = Frameworks;
			sourceTree = "<group>";
		};
		C377A4192C02F68700D06991 /* Delegates */ = {
			isa = PBXGroup;
			children = (
				C377A41C2C03032400D06991 /* WebRTCStateManager.swift */,
			);
			path = Delegates;
			sourceTree = "<group>";
		};
		C377A41E2C03EE8700D06991 /* Components */ = {
			isa = PBXGroup;
			children = (
				C377A41F2C03EE9100D06991 /* Buttons.swift */,
				C377A4262C04214E00D06991 /* PixelBufferImageView.swift */,
				C377A4342C0535D800D06991 /* DataRateView.swift */,
			);
			path = Components;
			sourceTree = "<group>";
		};
		C377A4232C04160A00D06991 /* RTCDelegates */ = {
			isa = PBXGroup;
			children = (
				C377A4242C04162400D06991 /* CVPixelBufferDataChannel.swift */,
			);
			path = RTCDelegates;
			sourceTree = "<group>";
		};
		C3D25B312C01B1C900B83352 = {
			isa = PBXGroup;
			children = (
				C341D7C02C027CBB00F19B2B /* Config.swift */,
				C3D25B3C2C01B1C900B83352 /* ARVirtualCam */,
				C3D25B4E2C01B1C900B83352 /* ARVirtualCamTests */,
				C3D25B582C01B1C900B83352 /* ARVirtualCamUITests */,
				C3D25B742C01B27900B83352 /* ARVirtualCamExtension */,
				C3D25B3B2C01B1C900B83352 /* Products */,
				C377A3F62C02AAC500D06991 /* Frameworks */,
			);
			sourceTree = "<group>";
		};
		C3D25B3B2C01B1C900B83352 /* Products */ = {
			isa = PBXGroup;
			children = (
				C3D25B3A2C01B1C900B83352 /* ARVirtualCam.app */,
				C3D25B4B2C01B1C900B83352 /* ARVirtualCamTests.xctest */,
				C3D25B552C01B1C900B83352 /* ARVirtualCamUITests.xctest */,
				C3D25B732C01B27900B83352 /* com.carlmoore.arvirtualcam.extension.systemextension */,
			);
			name = Products;
			sourceTree = "<group>";
		};
		C3D25B3C2C01B1C900B83352 /* ARVirtualCam */ = {
			isa = PBXGroup;
			children = (
				C377A4192C02F68700D06991 /* Delegates */,
				C341D7D12C0291CE00F19B2B /* Extensions */,
				C341D7CC2C028C7A00F19B2B /* Models */,
				C3D25B3D2C01B1C900B83352 /* ARVirtualCamApp.swift */,
				C3D25B822C01C2BF00B83352 /* Services */,
				C3D25B6C2C01B21A00B83352 /* Utilities */,
				C3D25B682C01B1E600B83352 /* Views */,
				C3D25B412C01B1C900B83352 /* Assets.xcassets */,
				C3D25B462C01B1C900B83352 /* ARVirtualCam.entitlements */,
				C3D25B432C01B1C900B83352 /* Preview Content */,
			);
			path = ARVirtualCam;
			sourceTree = "<group>";
		};
		C3D25B432C01B1C900B83352 /* Preview Content */ = {
			isa = PBXGroup;
			children = (
				C3D25B442C01B1C900B83352 /* Preview Assets.xcassets */,
			);
			path = "Preview Content";
			sourceTree = "<group>";
		};
		C3D25B4E2C01B1C900B83352 /* ARVirtualCamTests */ = {
			isa = PBXGroup;
			children = (
				C3D25B4F2C01B1C900B83352 /* ARVirtualCamTests.swift */,
			);
			path = ARVirtualCamTests;
			sourceTree = "<group>";
		};
		C3D25B582C01B1C900B83352 /* ARVirtualCamUITests */ = {
			isa = PBXGroup;
			children = (
				C3D25B592C01B1C900B83352 /* ARVirtualCamUITests.swift */,
				C3D25B5B2C01B1C900B83352 /* ARVirtualCamUITestsLaunchTests.swift */,
			);
			path = ARVirtualCamUITests;
			sourceTree = "<group>";
		};
		C3D25B682C01B1E600B83352 /* Views */ = {
			isa = PBXGroup;
			children = (
				C377A41E2C03EE8700D06991 /* Components */,
				C3D25B3F2C01B1C900B83352 /* ControlsView.swift */,
				C3D25B6A2C01B1FB00B83352 /* InstallView.swift */,
				C377A4052C02AB9C00D06991 /* ConnectionView.swift */,
				C377A4212C03F0EA00D06991 /* VideoView.swift */,
				C377A4302C0527ED00D06991 /* PixelBufferView.swift */,
			);
			path = Views;
			sourceTree = "<group>";
		};
		C3D25B6C2C01B21A00B83352 /* Utilities */ = {
			isa = PBXGroup;
			children = (
				C3D25B6D2C01B22600B83352 /* BundleLocator.swift */,
			);
			path = Utilities;
			sourceTree = "<group>";
		};
		C3D25B742C01B27900B83352 /* ARVirtualCamExtension */ = {
			isa = PBXGroup;
			children = (
				C341D7BD2C027BC100F19B2B /* CMIO */,
				C3D25B752C01B27900B83352 /* ARVirtualCamExtensionProvider.swift */,
				C3D25B772C01B27900B83352 /* main.swift */,
				C3D25B792C01B27900B83352 /* Info.plist */,
				C3D25B7A2C01B27900B83352 /* ARVirtualCamExtension.entitlements */,
			);
			path = ARVirtualCamExtension;
			sourceTree = "<group>";
		};
		C3D25B822C01C2BF00B83352 /* Services */ = {
			isa = PBXGroup;
			children = (
				C377A4232C04160A00D06991 /* RTCDelegates */,
				C3B05BA72C02AA23005B3E3A /* NativeWebSocket.swift */,
				C3B05BA82C02AA23005B3E3A /* WebSocketProvider.swift */,
				C3B05BA32C02AA06005B3E3A /* Message.swift */,
				C3B05BA12C02AA06005B3E3A /* SignalingClient.swift */,
				C3B05BA22C02AA06005B3E3A /* WebRTCClient.swift */,
				C341D7C92C02863000F19B2B /* CMIOSourceHandler.swift */,
				C341D7CF2C02907600F19B2B /* CameraProvider.swift */,
			);
			path = Services;
			sourceTree = "<group>";
		};
/* End PBXGroup section */

/* Begin PBXNativeTarget section */
		C3D25B392C01B1C900B83352 /* ARVirtualCam */ = {
			isa = PBXNativeTarget;
			buildConfigurationList = C3D25B5F2C01B1C900B83352 /* Build configuration list for PBXNativeTarget "ARVirtualCam" */;
			buildPhases = (
				C3D25B362C01B1C900B83352 /* Sources */,
				C3D25B372C01B1C900B83352 /* Frameworks */,
				C3D25B382C01B1C900B83352 /* Resources */,
				C3D25B812C01B27900B83352 /* Embed System Extensions */,
			);
			buildRules = (
			);
			dependencies = (
				C3D25B7C2C01B27900B83352 /* PBXTargetDependency */,
			);
			name = ARVirtualCam;
			packageProductDependencies = (
				C377A4072C02B99600D06991 /* Starscream */,
				C377A4152C02D04400D06991 /* WebRTC */,
				C377A42E2C05194300D06991 /* DataCompression */,
			);
			productName = ARVirtualCam;
			productReference = C3D25B3A2C01B1C900B83352 /* ARVirtualCam.app */;
			productType = "com.apple.product-type.application";
		};
		C3D25B4A2C01B1C900B83352 /* ARVirtualCamTests */ = {
			isa = PBXNativeTarget;
			buildConfigurationList = C3D25B622C01B1C900B83352 /* Build configuration list for PBXNativeTarget "ARVirtualCamTests" */;
			buildPhases = (
				C3D25B472C01B1C900B83352 /* Sources */,
				C3D25B482C01B1C900B83352 /* Frameworks */,
				C3D25B492C01B1C900B83352 /* Resources */,
			);
			buildRules = (
			);
			dependencies = (
				C3D25B4D2C01B1C900B83352 /* PBXTargetDependency */,
			);
			name = ARVirtualCamTests;
			productName = ARVirtualCamTests;
			productReference = C3D25B4B2C01B1C900B83352 /* ARVirtualCamTests.xctest */;
			productType = "com.apple.product-type.bundle.unit-test";
		};
		C3D25B542C01B1C900B83352 /* ARVirtualCamUITests */ = {
			isa = PBXNativeTarget;
			buildConfigurationList = C3D25B652C01B1C900B83352 /* Build configuration list for PBXNativeTarget "ARVirtualCamUITests" */;
			buildPhases = (
				C3D25B512C01B1C900B83352 /* Sources */,
				C3D25B522C01B1C900B83352 /* Frameworks */,
				C3D25B532C01B1C900B83352 /* Resources */,
			);
			buildRules = (
			);
			dependencies = (
				C3D25B572C01B1C900B83352 /* PBXTargetDependency */,
			);
			name = ARVirtualCamUITests;
			productName = ARVirtualCamUITests;
			productReference = C3D25B552C01B1C900B83352 /* ARVirtualCamUITests.xctest */;
			productType = "com.apple.product-type.bundle.ui-testing";
		};
		C3D25B722C01B27800B83352 /* ARVirtualCamExtension */ = {
			isa = PBXNativeTarget;
			buildConfigurationList = C3D25B7E2C01B27900B83352 /* Build configuration list for PBXNativeTarget "ARVirtualCamExtension" */;
			buildPhases = (
				C3D25B6F2C01B27800B83352 /* Sources */,
				C3D25B702C01B27800B83352 /* Frameworks */,
				C3D25B712C01B27800B83352 /* Resources */,
			);
			buildRules = (
			);
			dependencies = (
			);
			name = ARVirtualCamExtension;
			productName = ARVirtualCamExtension;
			productReference = C3D25B732C01B27900B83352 /* com.carlmoore.arvirtualcam.extension.systemextension */;
			productType = "com.apple.product-type.system-extension";
		};
/* End PBXNativeTarget section */

/* Begin PBXProject section */
		C3D25B322C01B1C900B83352 /* Project object */ = {
			isa = PBXProject;
			attributes = {
				BuildIndependentTargetsInParallel = 1;
				LastSwiftUpdateCheck = 1500;
				LastUpgradeCheck = 1500;
				TargetAttributes = {
					C3D25B392C01B1C900B83352 = {
						CreatedOnToolsVersion = 15.0.1;
					};
					C3D25B4A2C01B1C900B83352 = {
						CreatedOnToolsVersion = 15.0.1;
						TestTargetID = C3D25B392C01B1C900B83352;
					};
					C3D25B542C01B1C900B83352 = {
						CreatedOnToolsVersion = 15.0.1;
						TestTargetID = C3D25B392C01B1C900B83352;
					};
					C3D25B722C01B27800B83352 = {
						CreatedOnToolsVersion = 15.0.1;
					};
				};
			};
			buildConfigurationList = C3D25B352C01B1C900B83352 /* Build configuration list for PBXProject "ARVirtualCam" */;
			compatibilityVersion = "Xcode 14.0";
			developmentRegion = en;
			hasScannedForEncodings = 0;
			knownRegions = (
				en,
				Base,
			);
			mainGroup = C3D25B312C01B1C900B83352;
			packageReferences = (
				C377A3F92C02AAEE00D06991 /* XCRemoteSwiftPackageReference "Starscream" */,
				C377A4142C02D04400D06991 /* XCRemoteSwiftPackageReference "WebRTC" */,
				C377A42D2C05194300D06991 /* XCRemoteSwiftPackageReference "DataCompression" */,
			);
			productRefGroup = C3D25B3B2C01B1C900B83352 /* Products */;
			projectDirPath = "";
			projectRoot = "";
			targets = (
				C3D25B392C01B1C900B83352 /* ARVirtualCam */,
				C3D25B4A2C01B1C900B83352 /* ARVirtualCamTests */,
				C3D25B542C01B1C900B83352 /* ARVirtualCamUITests */,
				C3D25B722C01B27800B83352 /* ARVirtualCamExtension */,
			);
		};
/* End PBXProject section */

/* Begin PBXResourcesBuildPhase section */
		C3D25B382C01B1C900B83352 /* Resources */ = {
			isa = PBXResourcesBuildPhase;
			buildActionMask = 2147483647;
			files = (
				C3D25B452C01B1C900B83352 /* Preview Assets.xcassets in Resources */,
				C3D25B422C01B1C900B83352 /* Assets.xcassets in Resources */,
			);
			runOnlyForDeploymentPostprocessing = 0;
		};
		C3D25B492C01B1C900B83352 /* Resources */ = {
			isa = PBXResourcesBuildPhase;
			buildActionMask = 2147483647;
			files = (
			);
			runOnlyForDeploymentPostprocessing = 0;
		};
		C3D25B532C01B1C900B83352 /* Resources */ = {
			isa = PBXResourcesBuildPhase;
			buildActionMask = 2147483647;
			files = (
			);
			runOnlyForDeploymentPostprocessing = 0;
		};
		C3D25B712C01B27800B83352 /* Resources */ = {
			isa = PBXResourcesBuildPhase;
			buildActionMask = 2147483647;
			files = (
			);
			runOnlyForDeploymentPostprocessing = 0;
		};
/* End PBXResourcesBuildPhase section */

/* Begin PBXSourcesBuildPhase section */
		C3D25B362C01B1C900B83352 /* Sources */ = {
			isa = PBXSourcesBuildPhase;
			buildActionMask = 2147483647;
			files = (
				C3D25B6E2C01B22600B83352 /* BundleLocator.swift in Sources */,
				C341D7D52C02923700F19B2B /* CMIOExtensions.swift in Sources */,
				C3D25B402C01B1C900B83352 /* ControlsView.swift in Sources */,
				C3D25B6B2C01B1FB00B83352 /* InstallView.swift in Sources */,
				C377A4182C02DB3500D06991 /* WebRTCManager.swift in Sources */,
				C341D7D32C0291E300F19B2B /* FourCodeChar.swift in Sources */,
				C3B05BAA2C02AA23005B3E3A /* WebSocketProvider.swift in Sources */,
				C377A4062C02AB9C00D06991 /* ConnectionView.swift in Sources */,
				C3B05BA42C02AA06005B3E3A /* SignalingClient.swift in Sources */,
				C377A4252C04162400D06991 /* CVPixelBufferDataChannel.swift in Sources */,
				C3D25B3E2C01B1C900B83352 /* ARVirtualCamApp.swift in Sources */,
				C377A4332C052EE100D06991 /* CVPixelBuffer.swift in Sources */,
				C341D7CA2C02863000F19B2B /* CMIOSourceHandler.swift in Sources */,
				C377A4202C03EE9100D06991 /* Buttons.swift in Sources */,
				C377A4352C0535D800D06991 /* DataRateView.swift in Sources */,
				C377A4312C0527ED00D06991 /* PixelBufferView.swift in Sources */,
				C377A4272C04214E00D06991 /* PixelBufferImageView.swift in Sources */,
				C377A4222C03F0EA00D06991 /* VideoView.swift in Sources */,
				C3B05BA92C02AA23005B3E3A /* NativeWebSocket.swift in Sources */,
				C377A41D2C03032400D06991 /* WebRTCStateManager.swift in Sources */,
				C341D7CE2C028C8200F19B2B /* VirtualCameraPluginViewModel.swift in Sources */,
				C377A4012C02AB4000D06991 /* FrameVideoCapturer.swift in Sources */,
				C3B05BA62C02AA06005B3E3A /* Message.swift in Sources */,
				C377A4022C02AB4000D06991 /* IceCandidate.swift in Sources */,
				C341D7CB2C0286FC00F19B2B /* Config.swift in Sources */,
				C377A4032C02AB4000D06991 /* RTCStates.swift in Sources */,
				C341D7D02C02907600F19B2B /* CameraProvider.swift in Sources */,
				C3B05BA52C02AA06005B3E3A /* WebRTCClient.swift in Sources */,
				C377A4042C02AB4000D06991 /* SessionDescription.swift in Sources */,
			);
			runOnlyForDeploymentPostprocessing = 0;
		};
		C3D25B472C01B1C900B83352 /* Sources */ = {
			isa = PBXSourcesBuildPhase;
			buildActionMask = 2147483647;
			files = (
				C3D25B502C01B1C900B83352 /* ARVirtualCamTests.swift in Sources */,
			);
			runOnlyForDeploymentPostprocessing = 0;
		};
		C3D25B512C01B1C900B83352 /* Sources */ = {
			isa = PBXSourcesBuildPhase;
			buildActionMask = 2147483647;
			files = (
				C3D25B5A2C01B1C900B83352 /* ARVirtualCamUITests.swift in Sources */,
				C3D25B5C2C01B1C900B83352 /* ARVirtualCamUITestsLaunchTests.swift in Sources */,
			);
			runOnlyForDeploymentPostprocessing = 0;
		};
		C3D25B6F2C01B27800B83352 /* Sources */ = {
			isa = PBXSourcesBuildPhase;
			buildActionMask = 2147483647;
			files = (
				C341D7C42C027CE800F19B2B /* CameraDeviceSource.swift in Sources */,
				C341D7C62C027D5A00F19B2B /* CameraStreamSource.swift in Sources */,
				C3D25B782C01B27900B83352 /* main.swift in Sources */,
				C341D7C82C027D8100F19B2B /* CameraProvierSource.swift in Sources */,
				C341D7BF2C027BCD00F19B2B /* CameraStreamSink.swift in Sources */,
				C3D25B762C01B27900B83352 /* ARVirtualCamExtensionProvider.swift in Sources */,
				C341D7C12C027CBB00F19B2B /* Config.swift in Sources */,
			);
			runOnlyForDeploymentPostprocessing = 0;
		};
/* End PBXSourcesBuildPhase section */

/* Begin PBXTargetDependency section */
		C3D25B4D2C01B1C900B83352 /* PBXTargetDependency */ = {
			isa = PBXTargetDependency;
			target = C3D25B392C01B1C900B83352 /* ARVirtualCam */;
			targetProxy = C3D25B4C2C01B1C900B83352 /* PBXContainerItemProxy */;
		};
		C3D25B572C01B1C900B83352 /* PBXTargetDependency */ = {
			isa = PBXTargetDependency;
			target = C3D25B392C01B1C900B83352 /* ARVirtualCam */;
			targetProxy = C3D25B562C01B1C900B83352 /* PBXContainerItemProxy */;
		};
		C3D25B7C2C01B27900B83352 /* PBXTargetDependency */ = {
			isa = PBXTargetDependency;
			target = C3D25B722C01B27800B83352 /* ARVirtualCamExtension */;
			targetProxy = C3D25B7B2C01B27900B83352 /* PBXContainerItemProxy */;
		};
/* End PBXTargetDependency section */

/* Begin XCBuildConfiguration section */
		C3D25B5D2C01B1C900B83352 /* Debug */ = {
			isa = XCBuildConfiguration;
			buildSettings = {
				ALWAYS_SEARCH_USER_PATHS = NO;
				ASSETCATALOG_COMPILER_GENERATE_SWIFT_ASSET_SYMBOL_EXTENSIONS = YES;
				CLANG_ANALYZER_NONNULL = YES;
				CLANG_ANALYZER_NUMBER_OBJECT_CONVERSION = YES_AGGRESSIVE;
				CLANG_CXX_LANGUAGE_STANDARD = "gnu++20";
				CLANG_ENABLE_MODULES = YES;
				CLANG_ENABLE_OBJC_ARC = YES;
				CLANG_ENABLE_OBJC_WEAK = YES;
				CLANG_WARN_BLOCK_CAPTURE_AUTORELEASING = YES;
				CLANG_WARN_BOOL_CONVERSION = YES;
				CLANG_WARN_COMMA = YES;
				CLANG_WARN_CONSTANT_CONVERSION = YES;
				CLANG_WARN_DEPRECATED_OBJC_IMPLEMENTATIONS = YES;
				CLANG_WARN_DIRECT_OBJC_ISA_USAGE = YES_ERROR;
				CLANG_WARN_DOCUMENTATION_COMMENTS = YES;
				CLANG_WARN_EMPTY_BODY = YES;
				CLANG_WARN_ENUM_CONVERSION = YES;
				CLANG_WARN_INFINITE_RECURSION = YES;
				CLANG_WARN_INT_CONVERSION = YES;
				CLANG_WARN_NON_LITERAL_NULL_CONVERSION = YES;
				CLANG_WARN_OBJC_IMPLICIT_RETAIN_SELF = YES;
				CLANG_WARN_OBJC_LITERAL_CONVERSION = YES;
				CLANG_WARN_OBJC_ROOT_CLASS = YES_ERROR;
				CLANG_WARN_QUOTED_INCLUDE_IN_FRAMEWORK_HEADER = YES;
				CLANG_WARN_RANGE_LOOP_ANALYSIS = YES;
				CLANG_WARN_STRICT_PROTOTYPES = YES;
				CLANG_WARN_SUSPICIOUS_MOVE = YES;
				CLANG_WARN_UNGUARDED_AVAILABILITY = YES_AGGRESSIVE;
				CLANG_WARN_UNREACHABLE_CODE = YES;
				CLANG_WARN__DUPLICATE_METHOD_MATCH = YES;
				COPY_PHASE_STRIP = NO;
				DEBUG_INFORMATION_FORMAT = dwarf;
				ENABLE_STRICT_OBJC_MSGSEND = YES;
				ENABLE_TESTABILITY = YES;
				ENABLE_USER_SCRIPT_SANDBOXING = YES;
				GCC_C_LANGUAGE_STANDARD = gnu17;
				GCC_DYNAMIC_NO_PIC = NO;
				GCC_NO_COMMON_BLOCKS = YES;
				GCC_OPTIMIZATION_LEVEL = 0;
				GCC_PREPROCESSOR_DEFINITIONS = (
					"DEBUG=1",
					"$(inherited)",
				);
				GCC_WARN_64_TO_32_BIT_CONVERSION = YES;
				GCC_WARN_ABOUT_RETURN_TYPE = YES_ERROR;
				GCC_WARN_UNDECLARED_SELECTOR = YES;
				GCC_WARN_UNINITIALIZED_AUTOS = YES_AGGRESSIVE;
				GCC_WARN_UNUSED_FUNCTION = YES;
				GCC_WARN_UNUSED_VARIABLE = YES;
				LOCALIZATION_PREFERS_STRING_CATALOGS = YES;
				MACOSX_DEPLOYMENT_TARGET = 14.0;
				MTL_ENABLE_DEBUG_INFO = INCLUDE_SOURCE;
				MTL_FAST_MATH = YES;
				ONLY_ACTIVE_ARCH = YES;
				SDKROOT = macosx;
				SWIFT_ACTIVE_COMPILATION_CONDITIONS = "DEBUG $(inherited)";
				SWIFT_OPTIMIZATION_LEVEL = "-Onone";
			};
			name = Debug;
		};
		C3D25B5E2C01B1C900B83352 /* Release */ = {
			isa = XCBuildConfiguration;
			buildSettings = {
				ALWAYS_SEARCH_USER_PATHS = NO;
				ASSETCATALOG_COMPILER_GENERATE_SWIFT_ASSET_SYMBOL_EXTENSIONS = YES;
				CLANG_ANALYZER_NONNULL = YES;
				CLANG_ANALYZER_NUMBER_OBJECT_CONVERSION = YES_AGGRESSIVE;
				CLANG_CXX_LANGUAGE_STANDARD = "gnu++20";
				CLANG_ENABLE_MODULES = YES;
				CLANG_ENABLE_OBJC_ARC = YES;
				CLANG_ENABLE_OBJC_WEAK = YES;
				CLANG_WARN_BLOCK_CAPTURE_AUTORELEASING = YES;
				CLANG_WARN_BOOL_CONVERSION = YES;
				CLANG_WARN_COMMA = YES;
				CLANG_WARN_CONSTANT_CONVERSION = YES;
				CLANG_WARN_DEPRECATED_OBJC_IMPLEMENTATIONS = YES;
				CLANG_WARN_DIRECT_OBJC_ISA_USAGE = YES_ERROR;
				CLANG_WARN_DOCUMENTATION_COMMENTS = YES;
				CLANG_WARN_EMPTY_BODY = YES;
				CLANG_WARN_ENUM_CONVERSION = YES;
				CLANG_WARN_INFINITE_RECURSION = YES;
				CLANG_WARN_INT_CONVERSION = YES;
				CLANG_WARN_NON_LITERAL_NULL_CONVERSION = YES;
				CLANG_WARN_OBJC_IMPLICIT_RETAIN_SELF = YES;
				CLANG_WARN_OBJC_LITERAL_CONVERSION = YES;
				CLANG_WARN_OBJC_ROOT_CLASS = YES_ERROR;
				CLANG_WARN_QUOTED_INCLUDE_IN_FRAMEWORK_HEADER = YES;
				CLANG_WARN_RANGE_LOOP_ANALYSIS = YES;
				CLANG_WARN_STRICT_PROTOTYPES = YES;
				CLANG_WARN_SUSPICIOUS_MOVE = YES;
				CLANG_WARN_UNGUARDED_AVAILABILITY = YES_AGGRESSIVE;
				CLANG_WARN_UNREACHABLE_CODE = YES;
				CLANG_WARN__DUPLICATE_METHOD_MATCH = YES;
				COPY_PHASE_STRIP = NO;
				DEBUG_INFORMATION_FORMAT = "dwarf-with-dsym";
				ENABLE_NS_ASSERTIONS = NO;
				ENABLE_STRICT_OBJC_MSGSEND = YES;
				ENABLE_USER_SCRIPT_SANDBOXING = YES;
				GCC_C_LANGUAGE_STANDARD = gnu17;
				GCC_NO_COMMON_BLOCKS = YES;
				GCC_WARN_64_TO_32_BIT_CONVERSION = YES;
				GCC_WARN_ABOUT_RETURN_TYPE = YES_ERROR;
				GCC_WARN_UNDECLARED_SELECTOR = YES;
				GCC_WARN_UNINITIALIZED_AUTOS = YES_AGGRESSIVE;
				GCC_WARN_UNUSED_FUNCTION = YES;
				GCC_WARN_UNUSED_VARIABLE = YES;
				LOCALIZATION_PREFERS_STRING_CATALOGS = YES;
				MACOSX_DEPLOYMENT_TARGET = 14.0;
				MTL_ENABLE_DEBUG_INFO = NO;
				MTL_FAST_MATH = YES;
				SDKROOT = macosx;
				SWIFT_COMPILATION_MODE = wholemodule;
			};
			name = Release;
		};
		C3D25B602C01B1C900B83352 /* Debug */ = {
			isa = XCBuildConfiguration;
			buildSettings = {
				ALWAYS_EMBED_SWIFT_STANDARD_LIBRARIES = YES;
				ASSETCATALOG_COMPILER_APPICON_NAME = AppIcon;
				ASSETCATALOG_COMPILER_GLOBAL_ACCENT_COLOR_NAME = AccentColor;
				CODE_SIGN_ENTITLEMENTS = ARVirtualCam/ARVirtualCam.entitlements;
				CODE_SIGN_STYLE = Automatic;
				COMBINE_HIDPI_IMAGES = YES;
				CURRENT_PROJECT_VERSION = 1;
				DEVELOPMENT_ASSET_PATHS = "\"ARVirtualCam/Preview Content\"";
				DEVELOPMENT_TEAM = 9KKZGPATSJ;
				ENABLE_HARDENED_RUNTIME = YES;
				ENABLE_PREVIEWS = YES;
				GENERATE_INFOPLIST_FILE = YES;
				INFOPLIST_KEY_NSHumanReadableCopyright = "";
				LD_RUNPATH_SEARCH_PATHS = (
					"$(inherited)",
					"@executable_path/../Frameworks",
				);
				MARKETING_VERSION = 1.0;
				PRODUCT_BUNDLE_IDENTIFIER = com.carlmoore.arvirtualcam;
				PRODUCT_NAME = "$(TARGET_NAME)";
				SWIFT_EMIT_LOC_STRINGS = YES;
				SWIFT_VERSION = 5.0;
			};
			name = Debug;
		};
		C3D25B612C01B1C900B83352 /* Release */ = {
			isa = XCBuildConfiguration;
			buildSettings = {
				ALWAYS_EMBED_SWIFT_STANDARD_LIBRARIES = YES;
				ASSETCATALOG_COMPILER_APPICON_NAME = AppIcon;
				ASSETCATALOG_COMPILER_GLOBAL_ACCENT_COLOR_NAME = AccentColor;
				CODE_SIGN_ENTITLEMENTS = ARVirtualCam/ARVirtualCam.entitlements;
				CODE_SIGN_STYLE = Automatic;
				COMBINE_HIDPI_IMAGES = YES;
				CURRENT_PROJECT_VERSION = 1;
				DEVELOPMENT_ASSET_PATHS = "\"ARVirtualCam/Preview Content\"";
				DEVELOPMENT_TEAM = 9KKZGPATSJ;
				ENABLE_HARDENED_RUNTIME = YES;
				ENABLE_PREVIEWS = YES;
				GENERATE_INFOPLIST_FILE = YES;
				INFOPLIST_KEY_NSHumanReadableCopyright = "";
				LD_RUNPATH_SEARCH_PATHS = (
					"$(inherited)",
					"@executable_path/../Frameworks",
				);
				MARKETING_VERSION = 1.0;
				PRODUCT_BUNDLE_IDENTIFIER = com.carlmoore.arvirtualcam;
				PRODUCT_NAME = "$(TARGET_NAME)";
				SWIFT_EMIT_LOC_STRINGS = YES;
				SWIFT_VERSION = 5.0;
			};
			name = Release;
		};
		C3D25B632C01B1C900B83352 /* Debug */ = {
			isa = XCBuildConfiguration;
			buildSettings = {
				ALWAYS_EMBED_SWIFT_STANDARD_LIBRARIES = YES;
				BUNDLE_LOADER = "$(TEST_HOST)";
				CODE_SIGN_STYLE = Automatic;
				CURRENT_PROJECT_VERSION = 1;
				DEVELOPMENT_TEAM = 9KKZGPATSJ;
				GENERATE_INFOPLIST_FILE = YES;
				MACOSX_DEPLOYMENT_TARGET = 14.0;
				MARKETING_VERSION = 1.0;
				PRODUCT_BUNDLE_IDENTIFIER = carlmoore.ARVirtualCamTests;
				PRODUCT_NAME = "$(TARGET_NAME)";
				SWIFT_EMIT_LOC_STRINGS = NO;
				SWIFT_VERSION = 5.0;
				TEST_HOST = "$(BUILT_PRODUCTS_DIR)/ARVirtualCam.app/$(BUNDLE_EXECUTABLE_FOLDER_PATH)/ARVirtualCam";
			};
			name = Debug;
		};
		C3D25B642C01B1C900B83352 /* Release */ = {
			isa = XCBuildConfiguration;
			buildSettings = {
				ALWAYS_EMBED_SWIFT_STANDARD_LIBRARIES = YES;
				BUNDLE_LOADER = "$(TEST_HOST)";
				CODE_SIGN_STYLE = Automatic;
				CURRENT_PROJECT_VERSION = 1;
				DEVELOPMENT_TEAM = 9KKZGPATSJ;
				GENERATE_INFOPLIST_FILE = YES;
				MACOSX_DEPLOYMENT_TARGET = 14.0;
				MARKETING_VERSION = 1.0;
				PRODUCT_BUNDLE_IDENTIFIER = carlmoore.ARVirtualCamTests;
				PRODUCT_NAME = "$(TARGET_NAME)";
				SWIFT_EMIT_LOC_STRINGS = NO;
				SWIFT_VERSION = 5.0;
				TEST_HOST = "$(BUILT_PRODUCTS_DIR)/ARVirtualCam.app/$(BUNDLE_EXECUTABLE_FOLDER_PATH)/ARVirtualCam";
			};
			name = Release;
		};
		C3D25B662C01B1C900B83352 /* Debug */ = {
			isa = XCBuildConfiguration;
			buildSettings = {
				ALWAYS_EMBED_SWIFT_STANDARD_LIBRARIES = YES;
				CODE_SIGN_STYLE = Automatic;
				CURRENT_PROJECT_VERSION = 1;
				DEVELOPMENT_TEAM = 9KKZGPATSJ;
				GENERATE_INFOPLIST_FILE = YES;
				MARKETING_VERSION = 1.0;
				PRODUCT_BUNDLE_IDENTIFIER = carlmoore.ARVirtualCamUITests;
				PRODUCT_NAME = "$(TARGET_NAME)";
				SWIFT_EMIT_LOC_STRINGS = NO;
				SWIFT_VERSION = 5.0;
				TEST_TARGET_NAME = ARVirtualCam;
			};
			name = Debug;
		};
		C3D25B672C01B1C900B83352 /* Release */ = {
			isa = XCBuildConfiguration;
			buildSettings = {
				ALWAYS_EMBED_SWIFT_STANDARD_LIBRARIES = YES;
				CODE_SIGN_STYLE = Automatic;
				CURRENT_PROJECT_VERSION = 1;
				DEVELOPMENT_TEAM = 9KKZGPATSJ;
				GENERATE_INFOPLIST_FILE = YES;
				MARKETING_VERSION = 1.0;
				PRODUCT_BUNDLE_IDENTIFIER = carlmoore.ARVirtualCamUITests;
				PRODUCT_NAME = "$(TARGET_NAME)";
				SWIFT_EMIT_LOC_STRINGS = NO;
				SWIFT_VERSION = 5.0;
				TEST_TARGET_NAME = ARVirtualCam;
			};
			name = Release;
		};
		C3D25B7F2C01B27900B83352 /* Debug */ = {
			isa = XCBuildConfiguration;
			buildSettings = {
				CODE_SIGN_ENTITLEMENTS = ARVirtualCamExtension/ARVirtualCamExtension.entitlements;
				CODE_SIGN_STYLE = Automatic;
				CURRENT_PROJECT_VERSION = 1;
				DEVELOPMENT_TEAM = 9KKZGPATSJ;
				ENABLE_HARDENED_RUNTIME = YES;
				GENERATE_INFOPLIST_FILE = YES;
				INFOPLIST_FILE = ARVirtualCamExtension/Info.plist;
				INFOPLIST_KEY_CFBundleDisplayName = ARVirtualCamExtension;
				INFOPLIST_KEY_NSHumanReadableCopyright = "";
				INFOPLIST_KEY_NSSystemExtensionUsageDescription = "";
				LD_RUNPATH_SEARCH_PATHS = (
					"$(inherited)",
					"@executable_path/../Frameworks",
					"@executable_path/../../../../Frameworks",
				);
				MARKETING_VERSION = 1.0;
				PRODUCT_BUNDLE_IDENTIFIER = com.carlmoore.arvirtualcam.extension;
				PRODUCT_NAME = "$(inherited)";
				SKIP_INSTALL = YES;
				SWIFT_EMIT_LOC_STRINGS = YES;
				SWIFT_VERSION = 5.0;
			};
			name = Debug;
		};
		C3D25B802C01B27900B83352 /* Release */ = {
			isa = XCBuildConfiguration;
			buildSettings = {
				CODE_SIGN_ENTITLEMENTS = ARVirtualCamExtension/ARVirtualCamExtension.entitlements;
				CODE_SIGN_STYLE = Automatic;
				CURRENT_PROJECT_VERSION = 1;
				DEVELOPMENT_TEAM = 9KKZGPATSJ;
				ENABLE_HARDENED_RUNTIME = YES;
				GENERATE_INFOPLIST_FILE = YES;
				INFOPLIST_FILE = ARVirtualCamExtension/Info.plist;
				INFOPLIST_KEY_CFBundleDisplayName = ARVirtualCamExtension;
				INFOPLIST_KEY_NSHumanReadableCopyright = "";
				INFOPLIST_KEY_NSSystemExtensionUsageDescription = "";
				LD_RUNPATH_SEARCH_PATHS = (
					"$(inherited)",
					"@executable_path/../Frameworks",
					"@executable_path/../../../../Frameworks",
				);
				MARKETING_VERSION = 1.0;
				PRODUCT_BUNDLE_IDENTIFIER = com.carlmoore.arvirtualcam.extension;
				PRODUCT_NAME = "$(inherited)";
				SKIP_INSTALL = YES;
				SWIFT_EMIT_LOC_STRINGS = YES;
				SWIFT_VERSION = 5.0;
			};
			name = Release;
		};
/* End XCBuildConfiguration section */

/* Begin XCConfigurationList section */
		C3D25B352C01B1C900B83352 /* Build configuration list for PBXProject "ARVirtualCam" */ = {
			isa = XCConfigurationList;
			buildConfigurations = (
				C3D25B5D2C01B1C900B83352 /* Debug */,
				C3D25B5E2C01B1C900B83352 /* Release */,
			);
			defaultConfigurationIsVisible = 0;
			defaultConfigurationName = Release;
		};
		C3D25B5F2C01B1C900B83352 /* Build configuration list for PBXNativeTarget "ARVirtualCam" */ = {
			isa = XCConfigurationList;
			buildConfigurations = (
				C3D25B602C01B1C900B83352 /* Debug */,
				C3D25B612C01B1C900B83352 /* Release */,
			);
			defaultConfigurationIsVisible = 0;
			defaultConfigurationName = Release;
		};
		C3D25B622C01B1C900B83352 /* Build configuration list for PBXNativeTarget "ARVirtualCamTests" */ = {
			isa = XCConfigurationList;
			buildConfigurations = (
				C3D25B632C01B1C900B83352 /* Debug */,
				C3D25B642C01B1C900B83352 /* Release */,
			);
			defaultConfigurationIsVisible = 0;
			defaultConfigurationName = Release;
		};
		C3D25B652C01B1C900B83352 /* Build configuration list for PBXNativeTarget "ARVirtualCamUITests" */ = {
			isa = XCConfigurationList;
			buildConfigurations = (
				C3D25B662C01B1C900B83352 /* Debug */,
				C3D25B672C01B1C900B83352 /* Release */,
			);
			defaultConfigurationIsVisible = 0;
			defaultConfigurationName = Release;
		};
		C3D25B7E2C01B27900B83352 /* Build configuration list for PBXNativeTarget "ARVirtualCamExtension" */ = {
			isa = XCConfigurationList;
			buildConfigurations = (
				C3D25B7F2C01B27900B83352 /* Debug */,
				C3D25B802C01B27900B83352 /* Release */,
			);
			defaultConfigurationIsVisible = 0;
			defaultConfigurationName = Release;
		};
/* End XCConfigurationList section */

/* Begin XCRemoteSwiftPackageReference section */
		C377A3F92C02AAEE00D06991 /* XCRemoteSwiftPackageReference "Starscream" */ = {
			isa = XCRemoteSwiftPackageReference;
			repositoryURL = "https://github.com/daltoniam/Starscream";
			requirement = {
				kind = upToNextMajorVersion;
				minimumVersion = 4.0.8;
			};
		};
		C377A4142C02D04400D06991 /* XCRemoteSwiftPackageReference "WebRTC" */ = {
			isa = XCRemoteSwiftPackageReference;
			repositoryURL = "https://github.com/stasel/WebRTC";
			requirement = {
				kind = exactVersion;
				version = 116.0.0;
			};
		};
		C377A42D2C05194300D06991 /* XCRemoteSwiftPackageReference "DataCompression" */ = {
			isa = XCRemoteSwiftPackageReference;
			repositoryURL = "https://github.com/mw99/DataCompression";
			requirement = {
				kind = upToNextMajorVersion;
				minimumVersion = 3.8.0;
			};
		};
/* End XCRemoteSwiftPackageReference section */

/* Begin XCSwiftPackageProductDependency section */
		C377A4072C02B99600D06991 /* Starscream */ = {
			isa = XCSwiftPackageProductDependency;
			package = C377A3F92C02AAEE00D06991 /* XCRemoteSwiftPackageReference "Starscream" */;
			productName = Starscream;
		};
		C377A4152C02D04400D06991 /* WebRTC */ = {
			isa = XCSwiftPackageProductDependency;
			package = C377A4142C02D04400D06991 /* XCRemoteSwiftPackageReference "WebRTC" */;
			productName = WebRTC;
		};
		C377A42E2C05194300D06991 /* DataCompression */ = {
			isa = XCSwiftPackageProductDependency;
			package = C377A42D2C05194300D06991 /* XCRemoteSwiftPackageReference "DataCompression" */;
			productName = DataCompression;
		};
/* End XCSwiftPackageProductDependency section */
	};
	rootObject = C3D25B322C01B1C900B83352 /* Project object */;
}
